
Microsoft Visual Studio Solution File, Format Version 12.00
# Visual Studio Version 16
VisualStudioVersion = 16.0.29806.167
MinimumVisualStudioVersion = 10.0.40219.1
Project("{9A19103F-16F7-4668-BE54-9A1E7A4F7556}") = "StreetStream", "StreetStream\StreetStream.csproj", "{1631F052-B9C0-4E61-8E6E-9B87F9A3B85E}"
EndProject
Project("{9A19103F-16F7-4668-BE54-9A1E7A4F7556}") = "DAL", "DAL\DAL.csproj", "{E55F327A-B7C3-4CA1-9348-ECC3F5CCEF50}"
EndProject
Project("{9A19103F-16F7-4668-BE54-9A1E7A4F7556}") = "Models", "Models\Models.csproj", "{8DA74BA0-2E0C-47ED-B7C7-835B91EC51EA}"
EndProject
Project("{FAE04EC0-301F-11D3-BF4B-00C04F79EFBC}") = "StreetStream.Tests", "StreetStream.Tests\StreetStream.Tests.csproj", "{DA28A89C-57CC-47B5-91B6-36BC179680BE}"
EndProject
Global
	GlobalSection(SolutionConfigurationPlatforms) = preSolution
		Debug|Any CPU = Debug|Any CPU
		Release|Any CPU = Release|Any CPU
	EndGlobalSection
	GlobalSection(ProjectConfigurationPlatforms) = postSolution
		{1631F052-B9C0-4E61-8E6E-9B87F9A3B85E}.Debug|Any CPU.ActiveCfg = Debug|Any CPU
		{1631F052-B9C0-4E61-8E6E-9B87F9A3B85E}.Debug|Any CPU.Build.0 = Debug|Any CPU
		{1631F052-B9C0-4E61-8E6E-9B87F9A3B85E}.Release|Any CPU.ActiveCfg = Release|Any CPU
		{1631F052-B9C0-4E61-8E6E-9B87F9A3B85E}.Release|Any CPU.Build.0 = Release|Any CPU
		{E55F327A-B7C3-4CA1-9348-ECC3F5CCEF50}.Debug|Any CPU.ActiveCfg = Debug|Any CPU
		{E55F327A-B7C3-4CA1-9348-ECC3F5CCEF50}.Debug|Any CPU.Build.0 = Debug|Any CPU
		{E55F327A-B7C3-4CA1-9348-ECC3F5CCEF50}.Release|Any CPU.ActiveCfg = Release|Any CPU
		{E55F327A-B7C3-4CA1-9348-ECC3F5CCEF50}.Release|Any CPU.Build.0 = Release|Any CPU
		{8DA74BA0-2E0C-47ED-B7C7-835B91EC51EA}.Debug|Any CPU.ActiveCfg = Debug|Any CPU
		{8DA74BA0-2E0C-47ED-B7C7-835B91EC51EA}.Debug|Any CPU.Build.0 = Debug|Any CPU
		{8DA74BA0-2E0C-47ED-B7C7-835B91EC51EA}.Release|Any CPU.ActiveCfg = Release|Any CPU
		{8DA74BA0-2E0C-47ED-B7C7-835B91EC51EA}.Release|Any CPU.Build.0 = Release|Any CPU
		{DA28A89C-57CC-47B5-91B6-36BC179680BE}.Debug|Any CPU.ActiveCfg = Debug|Any CPU
		{DA28A89C-57CC-47B5-91B6-36BC179680BE}.Debug|Any CPU.Build.0 = Debug|Any CPU
		{DA28A89C-57CC-47B5-91B6-36BC179680BE}.Release|Any CPU.ActiveCfg = Release|Any CPU
		{DA28A89C-57CC-47B5-91B6-36BC179680BE}.Release|Any CPU.Build.0 = Release|Any CPU
	EndGlobalSection
	GlobalSection(SolutionProperties) = preSolution
		HideSolutionNode = FALSE
	EndGlobalSection
	GlobalSection(ExtensibilityGlobals) = postSolution
		SolutionGuid = {F468F2F9-F9D2-4D7C-A9D1-F0CE8C628B88}
	EndGlobalSection
EndGlobal
